
Microsoft Visual Studio Solution File, Format Version 12.00
# Visual Studio Version 17
VisualStudioVersion = 17.14.36623.8 d17.14
MinimumVisualStudioVersion = 10.0.40219.1
Project("{FAE04EC0-301F-11D3-BF4B-00C04F79EFBC}") = "HttpThrottleDemo", "HttpThrottleDemo\HttpThrottleDemo.csproj", "{C97B0C5F-7B34-4914-8C35-D000849C2E63}"
EndProject
Global
	GlobalSection(SolutionConfigurationPlatforms) = preSolution
		Debug|Any CPU = Debug|Any CPU
		Release|Any CPU = Release|Any CPU
	EndGlobalSection
	GlobalSection(ProjectConfigurationPlatforms) = postSolution
		{C97B0C5F-7B34-4914-8C35-D000849C2E63}.Debug|Any CPU.ActiveCfg = Debug|Any CPU
		{C97B0C5F-7B34-4914-8C35-D000849C2E63}.Debug|Any CPU.Build.0 = Debug|Any CPU
		{C97B0C5F-7B34-4914-8C35-D000849C2E63}.Release|Any CPU.ActiveCfg = Release|Any CPU
		{C97B0C5F-7B34-4914-8C35-D000849C2E63}.Release|Any CPU.Build.0 = Release|Any CPU
	EndGlobalSection
	GlobalSection(SolutionProperties) = preSolution
		HideSolutionNode = FALSE
	EndGlobalSection
	GlobalSection(ExtensibilityGlobals) = postSolution
		SolutionGuid = {11554279-63BE-47B6-883D-AB38630B3CAD}
	EndGlobalSection
EndGlobal
